
Microsoft Visual Studio Solution File, Format Version 12.00
# Visual Studio 15
VisualStudioVersion = 15.0.27004.2005
MinimumVisualStudioVersion = 10.0.40219.1
Project("{FAE04EC0-301F-11D3-BF4B-00C04F79EFBC}") = "EnviarEmailAsync", "EnviarEmailAsync\EnviarEmailAsync.csproj", "{C2CC3CB5-76E3-4FB3-A71B-FC40F3DAC802}"
EndProject
Global
	GlobalSection(SolutionConfigurationPlatforms) = preSolution
		Debug|Any CPU = Debug|Any CPU
		Release|Any CPU = Release|Any CPU
	EndGlobalSection
	GlobalSection(ProjectConfigurationPlatforms) = postSolution
		{C2CC3CB5-76E3-4FB3-A71B-FC40F3DAC802}.Debug|Any CPU.ActiveCfg = Debug|Any CPU
		{C2CC3CB5-76E3-4FB3-A71B-FC40F3DAC802}.Debug|Any CPU.Build.0 = Debug|Any CPU
		{C2CC3CB5-76E3-4FB3-A71B-FC40F3DAC802}.Release|Any CPU.ActiveCfg = Release|Any CPU
		{C2CC3CB5-76E3-4FB3-A71B-FC40F3DAC802}.Release|Any CPU.Build.0 = Release|Any CPU
	EndGlobalSection
	GlobalSection(SolutionProperties) = preSolution
		HideSolutionNode = FALSE
	EndGlobalSection
	GlobalSection(ExtensibilityGlobals) = postSolution
		SolutionGuid = {3683FB44-C3EA-4379-B915-CC2E3A74AAB3}
	EndGlobalSection
EndGlobal
